<?xml version="1.0" encoding="utf-8"?>
<Project ToolsVersion="4.0" xmlns="http://schemas.microsoft.com/developer/msbuild/2003">
  <ItemGroup>
    <Filter Include="Quelldateien">
      <UniqueIdentifier>{4FC737F1-C7A5-4376-A066-2A32D752A2FF}</UniqueIdentifier>
      <Extensions>cpp;c;cc;cxx;c++;cppm;ixx;def;odl;idl;hpj;bat;asm;asmx</Extensions>
    </Filter>
    <Filter Include="Headerdateien">
      <UniqueIdentifier>{93995380-89BD-4b04-88EB-625FBE52EBFB}</UniqueIdentifier>
      <Extensions>h;hh;hpp;hxx;h++;hm;inl;inc;ipp;xsd</Extensions>
    </Filter>
    <Filter Include="Ressourcendateien">
      <UniqueIdentifier>{67DA6AB6-F800-4c08-8B7A-83BB121AAD01}</UniqueIdentifier>
      <Extensions>rc;ico;cur;bmp;dlg;rc2;rct;bin;rgs;gif;jpg;jpeg;jpe;resx;tiff;tif;png;wav;mfcribbon-ms</Extensions>
    </Filter>
  </ItemGroup>
  <ItemGroup>
    <ClCompile Include="src\BinaryShader\Binary_Shader.cpp">
      <Filter>Quelldateien</Filter>
    </ClCompile>
    <ClCompile Include="src\opengl\VertexBuffer.cpp">
      <Filter>Quelldateien</Filter>
    </ClCompile>
    <ClCompile Include="src\opengl\GLHelpers.cpp">
      <Filter>Quelldateien</Filter>
    </ClCompile>
    <ClCompile Include="src\opengl\Shader.cpp">
      <Filter>Quelldateien</Filter>
    </ClCompile>
    <ClCompile Include="src\opengl\ComputeShader.cpp">
      <Filter>Quelldateien</Filter>
    </ClCompile>
    <ClCompile Include="src\BinaryShader\FrameBuffer.cpp">
      <Filter>Quelldateien</Filter>
    </ClCompile>
    <ClCompile Include="src\opengl\IndesBuffer.cpp">
      <Filter>Quelldateien</Filter>
    </ClCompile>
    <ClCompile Include="src\opengl\VertexArray.cpp">
      <Filter>Quelldateien</Filter>
    </ClCompile>
    <ClCompile Include="src\opengl\VertexBufferLayout.cpp">
      <Filter>Quelldateien</Filter>
    </ClCompile>
    <ClCompile Include="src\ShadingPipeline.cpp">
      <Filter>Quelldateien</Filter>
    </ClCompile>
    <ClCompile Include="src\opengl\GlfwOpenGLContext.cpp">
      <Filter>Quelldateien</Filter>
    </ClCompile>
    <ClCompile Include="src\ShadingAlgorithmFactory.cpp">
      <Filter>Quelldateien</Filter>
    </ClCompile>
  </ItemGroup>
  <ItemGroup>
    <ClInclude Include="src\BinaryShader\Binary_Shader.h">
      <Filter>Headerdateien</Filter>
    </ClInclude>
    <ClInclude Include="src\IShading_Algorithm.h">
      <Filter>Headerdateien</Filter>
    </ClInclude>
    <ClInclude Include="src\opengl\VertexBuffer.h">
      <Filter>Headerdateien</Filter>
    </ClInclude>
    <ClInclude Include="src\opengl\GLHelpers.h">
      <Filter>Headerdateien</Filter>
    </ClInclude>
    <ClInclude Include="src\opengl\Shader.h">
      <Filter>Headerdateien</Filter>
    </ClInclude>
    <ClInclude Include="src\opengl\ComputeShader.h">
      <Filter>Headerdateien</Filter>
    </ClInclude>
    <ClInclude Include="res\shaders\Color_shader.h">
      <Filter>Headerdateien</Filter>
    </ClInclude>
    <ClInclude Include="res\shaders\Compute_shader.h">
      <Filter>Headerdateien</Filter>
    </ClInclude>
    <ClInclude Include="res\shaders\ID_shader.h">
      <Filter>Headerdateien</Filter>
    </ClInclude>
    <ClInclude Include="src\BinaryShader\FrameBuffer.h">
      <Filter>Headerdateien</Filter>
    </ClInclude>
    <ClInclude Include="src\opengl\IndexBuffer.h">
      <Filter>Headerdateien</Filter>
    </ClInclude>
    <ClInclude Include="src\opengl\VertexArray.h">
      <Filter>Headerdateien</Filter>
    </ClInclude>
    <ClInclude Include="src\opengl\VertexBufferLayout.h">
      <Filter>Headerdateien</Filter>
    </ClInclude>
    <ClInclude Include="src\ShadingPipeline.h">
      <Filter>Headerdateien</Filter>
    </ClInclude>
    <ClInclude Include="res\Geometries\tetraeder.h">
      <Filter>Headerdateien</Filter>
    </ClInclude>
    <ClInclude Include="src\opengl\GlfwOpenGLContext.h">
      <Filter>Headerdateien</Filter>
    </ClInclude>
    <ClInclude Include="src\ShadingAlgorithmFactory.h">
      <Filter>Headerdateien</Filter>
    </ClInclude>
  </ItemGroup>
  <ItemGroup>
    <None Include="vcpkg.json" />
    <None Include="vcpkg-configuration.json" />
  </ItemGroup>
</Project>